
Microsoft Visual Studio Solution File, Format Version 12.00
# Visual Studio Version 17
VisualStudioVersion = 17.3.32811.315
MinimumVisualStudioVersion = 10.0.40219.1
Project("{FAE04EC0-301F-11D3-BF4B-00C04F79EFBC}") = "WebApplication1Cards.API", "WebApplication1Cards.API\WebApplication1Cards.API.csproj", "{FD573B9F-72BD-4B84-B52D-979DD64C9D6B}"
EndProject
Global
	GlobalSection(SolutionConfigurationPlatforms) = preSolution
		Debug|Any CPU = Debug|Any CPU
		Release|Any CPU = Release|Any CPU
	EndGlobalSection
	GlobalSection(ProjectConfigurationPlatforms) = postSolution
		{FD573B9F-72BD-4B84-B52D-979DD64C9D6B}.Debug|Any CPU.ActiveCfg = Debug|Any CPU
		{FD573B9F-72BD-4B84-B52D-979DD64C9D6B}.Debug|Any CPU.Build.0 = Debug|Any CPU
		{FD573B9F-72BD-4B84-B52D-979DD64C9D6B}.Release|Any CPU.ActiveCfg = Release|Any CPU
		{FD573B9F-72BD-4B84-B52D-979DD64C9D6B}.Release|Any CPU.Build.0 = Release|Any CPU
	EndGlobalSection
	GlobalSection(SolutionProperties) = preSolution
		HideSolutionNode = FALSE
	EndGlobalSection
	GlobalSection(ExtensibilityGlobals) = postSolution
		SolutionGuid = {60566438-9BD6-49B6-91DF-3CC8DA22A03F}
	EndGlobalSection
EndGlobal
